// !$*UTF8*$!
{
	archiveVersion = 1;
	classes = {
	};
	objectVersion = 56;
	objects = {

/* Begin PBXBuildFile section */
		B69B9D512A6D045800AA2DE9 /* AppDelegate.swift in Sources */ = {isa = PBXBuildFile; fileRef = B69B9D502A6D045800AA2DE9 /* AppDelegate.swift */; };
		B69B9D532A6D045800AA2DE9 /* SceneDelegate.swift in Sources */ = {isa = PBXBuildFile; fileRef = B69B9D522A6D045800AA2DE9 /* SceneDelegate.swift */; };
		B69B9D5A2A6D045900AA2DE9 /* Assets.xcassets in Resources */ = {isa = PBXBuildFile; fileRef = B69B9D592A6D045900AA2DE9 /* Assets.xcassets */; };
		B69B9D5D2A6D045900AA2DE9 /* LaunchScreen.storyboard in Resources */ = {isa = PBXBuildFile; fileRef = B69B9D5B2A6D045900AA2DE9 /* LaunchScreen.storyboard */; };
		B69B9D682A6D045900AA2DE9 /* InSeoulHotPlace_iOSTests.swift in Sources */ = {isa = PBXBuildFile; fileRef = B69B9D672A6D045900AA2DE9 /* InSeoulHotPlace_iOSTests.swift */; };
		B69B9D722A6D045900AA2DE9 /* InSeoulHotPlace_iOSUITests.swift in Sources */ = {isa = PBXBuildFile; fileRef = B69B9D712A6D045900AA2DE9 /* InSeoulHotPlace_iOSUITests.swift */; };
		B69B9D742A6D045900AA2DE9 /* InSeoulHotPlace_iOSUITestsLaunchTests.swift in Sources */ = {isa = PBXBuildFile; fileRef = B69B9D732A6D045900AA2DE9 /* InSeoulHotPlace_iOSUITestsLaunchTests.swift */; };
		B69B9D972A6D07A300AA2DE9 /* Then in Frameworks */ = {isa = PBXBuildFile; productRef = B69B9D962A6D07A300AA2DE9 /* Then */; };
		B69B9D9A2A6D07FE00AA2DE9 /* Moya in Frameworks */ = {isa = PBXBuildFile; productRef = B69B9D992A6D07FE00AA2DE9 /* Moya */; };
		B69B9D9C2A6D07FF00AA2DE9 /* ReactiveMoya in Frameworks */ = {isa = PBXBuildFile; productRef = B69B9D9B2A6D07FF00AA2DE9 /* ReactiveMoya */; };
		B69B9D9E2A6D07FF00AA2DE9 /* RxMoya in Frameworks */ = {isa = PBXBuildFile; productRef = B69B9D9D2A6D07FF00AA2DE9 /* RxMoya */; };
		B69B9DA12A6D082B00AA2DE9 /* HomeViewController.swift in Sources */ = {isa = PBXBuildFile; fileRef = B69B9DA02A6D082B00AA2DE9 /* HomeViewController.swift */; };
		B69B9DA42A6D088800AA2DE9 /* BaseViewController.swift in Sources */ = {isa = PBXBuildFile; fileRef = B69B9DA32A6D088800AA2DE9 /* BaseViewController.swift */; };
		B6A01A9C2A6FC92600CBE695 /* RxCocoa in Frameworks */ = {isa = PBXBuildFile; productRef = B6A01A9B2A6FC92600CBE695 /* RxCocoa */; };
		B6A01A9E2A6FC92600CBE695 /* RxRelay in Frameworks */ = {isa = PBXBuildFile; productRef = B6A01A9D2A6FC92600CBE695 /* RxRelay */; };
		B6A01AA02A6FC92600CBE695 /* RxSwift in Frameworks */ = {isa = PBXBuildFile; productRef = B6A01A9F2A6FC92600CBE695 /* RxSwift */; };
		B6A01AA32A6FC94800CBE695 /* SnapKit in Frameworks */ = {isa = PBXBuildFile; productRef = B6A01AA22A6FC94800CBE695 /* SnapKit */; };
/* End PBXBuildFile section */

/* Begin PBXContainerItemProxy section */
		B69B9D642A6D045900AA2DE9 /* PBXContainerItemProxy */ = {
			isa = PBXContainerItemProxy;
			containerPortal = B69B9D452A6D045800AA2DE9 /* Project object */;
			proxyType = 1;
			remoteGlobalIDString = B69B9D4C2A6D045800AA2DE9;
			remoteInfo = "InSeoulHotPlace-iOS";
		};
		B69B9D6E2A6D045900AA2DE9 /* PBXContainerItemProxy */ = {
			isa = PBXContainerItemProxy;
			containerPortal = B69B9D452A6D045800AA2DE9 /* Project object */;
			proxyType = 1;
			remoteGlobalIDString = B69B9D4C2A6D045800AA2DE9;
			remoteInfo = "InSeoulHotPlace-iOS";
		};
/* End PBXContainerItemProxy section */

/* Begin PBXFileReference section */
		B69B9D4D2A6D045800AA2DE9 /* InSeoulHotPlace-iOS.app */ = {isa = PBXFileReference; explicitFileType = wrapper.application; includeInIndex = 0; path = "InSeoulHotPlace-iOS.app"; sourceTree = BUILT_PRODUCTS_DIR; };
		B69B9D502A6D045800AA2DE9 /* AppDelegate.swift */ = {isa = PBXFileReference; lastKnownFileType = sourcecode.swift; path = AppDelegate.swift; sourceTree = "<group>"; };
		B69B9D522A6D045800AA2DE9 /* SceneDelegate.swift */ = {isa = PBXFileReference; lastKnownFileType = sourcecode.swift; path = SceneDelegate.swift; sourceTree = "<group>"; };
		B69B9D592A6D045900AA2DE9 /* Assets.xcassets */ = {isa = PBXFileReference; lastKnownFileType = folder.assetcatalog; path = Assets.xcassets; sourceTree = "<group>"; };
		B69B9D5C2A6D045900AA2DE9 /* Base */ = {isa = PBXFileReference; lastKnownFileType = file.storyboard; name = Base; path = Base.lproj/LaunchScreen.storyboard; sourceTree = "<group>"; };
		B69B9D5E2A6D045900AA2DE9 /* Info.plist */ = {isa = PBXFileReference; lastKnownFileType = text.plist.xml; path = Info.plist; sourceTree = "<group>"; };
		B69B9D632A6D045900AA2DE9 /* InSeoulHotPlace-iOSTests.xctest */ = {isa = PBXFileReference; explicitFileType = wrapper.cfbundle; includeInIndex = 0; path = "InSeoulHotPlace-iOSTests.xctest"; sourceTree = BUILT_PRODUCTS_DIR; };
		B69B9D672A6D045900AA2DE9 /* InSeoulHotPlace_iOSTests.swift */ = {isa = PBXFileReference; lastKnownFileType = sourcecode.swift; path = InSeoulHotPlace_iOSTests.swift; sourceTree = "<group>"; };
		B69B9D6D2A6D045900AA2DE9 /* InSeoulHotPlace-iOSUITests.xctest */ = {isa = PBXFileReference; explicitFileType = wrapper.cfbundle; includeInIndex = 0; path = "InSeoulHotPlace-iOSUITests.xctest"; sourceTree = BUILT_PRODUCTS_DIR; };
		B69B9D712A6D045900AA2DE9 /* InSeoulHotPlace_iOSUITests.swift */ = {isa = PBXFileReference; lastKnownFileType = sourcecode.swift; path = InSeoulHotPlace_iOSUITests.swift; sourceTree = "<group>"; };
		B69B9D732A6D045900AA2DE9 /* InSeoulHotPlace_iOSUITestsLaunchTests.swift */ = {isa = PBXFileReference; lastKnownFileType = sourcecode.swift; path = InSeoulHotPlace_iOSUITestsLaunchTests.swift; sourceTree = "<group>"; };
		B69B9DA02A6D082B00AA2DE9 /* HomeViewController.swift */ = {isa = PBXFileReference; lastKnownFileType = sourcecode.swift; path = HomeViewController.swift; sourceTree = "<group>"; };
		B69B9DA32A6D088800AA2DE9 /* BaseViewController.swift */ = {isa = PBXFileReference; lastKnownFileType = sourcecode.swift; path = BaseViewController.swift; sourceTree = "<group>"; };
/* End PBXFileReference section */

/* Begin PBXFrameworksBuildPhase section */
		B69B9D4A2A6D045800AA2DE9 /* Frameworks */ = {
			isa = PBXFrameworksBuildPhase;
			buildActionMask = 2147483647;
			files = (
				B6A01AA02A6FC92600CBE695 /* RxSwift in Frameworks */,
				B6A01AA32A6FC94800CBE695 /* SnapKit in Frameworks */,
				B69B9D972A6D07A300AA2DE9 /* Then in Frameworks */,
				B69B9D9E2A6D07FF00AA2DE9 /* RxMoya in Frameworks */,
				B6A01A9C2A6FC92600CBE695 /* RxCocoa in Frameworks */,
				B69B9D9A2A6D07FE00AA2DE9 /* Moya in Frameworks */,
				B6A01A9E2A6FC92600CBE695 /* RxRelay in Frameworks */,
				B69B9D9C2A6D07FF00AA2DE9 /* ReactiveMoya in Frameworks */,
			);
			runOnlyForDeploymentPostprocessing = 0;
		};
		B69B9D602A6D045900AA2DE9 /* Frameworks */ = {
			isa = PBXFrameworksBuildPhase;
			buildActionMask = 2147483647;
			files = (
			);
			runOnlyForDeploymentPostprocessing = 0;
		};
		B69B9D6A2A6D045900AA2DE9 /* Frameworks */ = {
			isa = PBXFrameworksBuildPhase;
			buildActionMask = 2147483647;
			files = (
			);
			runOnlyForDeploymentPostprocessing = 0;
		};
/* End PBXFrameworksBuildPhase section */

/* Begin PBXGroup section */
		B69B9D442A6D045800AA2DE9 = {
			isa = PBXGroup;
			children = (
				B69B9D4F2A6D045800AA2DE9 /* InSeoulHotPlace-iOS */,
				B69B9D662A6D045900AA2DE9 /* InSeoulHotPlace-iOSTests */,
				B69B9D702A6D045900AA2DE9 /* InSeoulHotPlace-iOSUITests */,
				B69B9D4E2A6D045800AA2DE9 /* Products */,
			);
			sourceTree = "<group>";
		};
		B69B9D4E2A6D045800AA2DE9 /* Products */ = {
			isa = PBXGroup;
			children = (
				B69B9D4D2A6D045800AA2DE9 /* InSeoulHotPlace-iOS.app */,
				B69B9D632A6D045900AA2DE9 /* InSeoulHotPlace-iOSTests.xctest */,
				B69B9D6D2A6D045900AA2DE9 /* InSeoulHotPlace-iOSUITests.xctest */,
			);
			name = Products;
			sourceTree = "<group>";
		};
		B69B9D4F2A6D045800AA2DE9 /* InSeoulHotPlace-iOS */ = {
			isa = PBXGroup;
			children = (
				B69B9D802A6D05CE00AA2DE9 /* Application */,
				B69B9D812A6D05D700AA2DE9 /* Resources */,
				B69B9D822A6D05DD00AA2DE9 /* Sources */,
			);
			path = "InSeoulHotPlace-iOS";
			sourceTree = "<group>";
		};
		B69B9D662A6D045900AA2DE9 /* InSeoulHotPlace-iOSTests */ = {
			isa = PBXGroup;
			children = (
				B69B9D672A6D045900AA2DE9 /* InSeoulHotPlace_iOSTests.swift */,
			);
			path = "InSeoulHotPlace-iOSTests";
			sourceTree = "<group>";
		};
		B69B9D702A6D045900AA2DE9 /* InSeoulHotPlace-iOSUITests */ = {
			isa = PBXGroup;
			children = (
				B69B9D712A6D045900AA2DE9 /* InSeoulHotPlace_iOSUITests.swift */,
				B69B9D732A6D045900AA2DE9 /* InSeoulHotPlace_iOSUITestsLaunchTests.swift */,
			);
			path = "InSeoulHotPlace-iOSUITests";
			sourceTree = "<group>";
		};
		B69B9D802A6D05CE00AA2DE9 /* Application */ = {
			isa = PBXGroup;
			children = (
				B69B9D502A6D045800AA2DE9 /* AppDelegate.swift */,
				B69B9D522A6D045800AA2DE9 /* SceneDelegate.swift */,
			);
			path = Application;
			sourceTree = "<group>";
		};
		B69B9D812A6D05D700AA2DE9 /* Resources */ = {
			isa = PBXGroup;
			children = (
				B69B9D5B2A6D045900AA2DE9 /* LaunchScreen.storyboard */,
				B69B9D592A6D045900AA2DE9 /* Assets.xcassets */,
				B69B9D5E2A6D045900AA2DE9 /* Info.plist */,
			);
			path = Resources;
			sourceTree = "<group>";
		};
		B69B9D822A6D05DD00AA2DE9 /* Sources */ = {
			isa = PBXGroup;
			children = (
				B69B9DA22A6D088000AA2DE9 /* Common */,
				B69B9D9F2A6D081E00AA2DE9 /* Home */,
			);
			path = Sources;
			sourceTree = "<group>";
		};
		B69B9D9F2A6D081E00AA2DE9 /* Home */ = {
			isa = PBXGroup;
			children = (
				B69B9DA02A6D082B00AA2DE9 /* HomeViewController.swift */,
			);
			path = Home;
			sourceTree = "<group>";
		};
		B69B9DA22A6D088000AA2DE9 /* Common */ = {
			isa = PBXGroup;
			children = (
				B69B9DA32A6D088800AA2DE9 /* BaseViewController.swift */,
			);
			path = Common;
			sourceTree = "<group>";
		};
/* End PBXGroup section */

/* Begin PBXNativeTarget section */
		B69B9D4C2A6D045800AA2DE9 /* InSeoulHotPlace-iOS */ = {
			isa = PBXNativeTarget;
			buildConfigurationList = B69B9D772A6D045900AA2DE9 /* Build configuration list for PBXNativeTarget "InSeoulHotPlace-iOS" */;
			buildPhases = (
				B69B9D492A6D045800AA2DE9 /* Sources */,
				B69B9D4A2A6D045800AA2DE9 /* Frameworks */,
				B69B9D4B2A6D045800AA2DE9 /* Resources */,
			);
			buildRules = (
			);
			dependencies = (
			);
			name = "InSeoulHotPlace-iOS";
			packageProductDependencies = (
				B69B9D962A6D07A300AA2DE9 /* Then */,
				B69B9D992A6D07FE00AA2DE9 /* Moya */,
				B69B9D9B2A6D07FF00AA2DE9 /* ReactiveMoya */,
				B69B9D9D2A6D07FF00AA2DE9 /* RxMoya */,
				B6A01A9B2A6FC92600CBE695 /* RxCocoa */,
				B6A01A9D2A6FC92600CBE695 /* RxRelay */,
				B6A01A9F2A6FC92600CBE695 /* RxSwift */,
				B6A01AA22A6FC94800CBE695 /* SnapKit */,
			);
			productName = "InSeoulHotPlace-iOS";
			productReference = B69B9D4D2A6D045800AA2DE9 /* InSeoulHotPlace-iOS.app */;
			productType = "com.apple.product-type.application";
		};
		B69B9D622A6D045900AA2DE9 /* InSeoulHotPlace-iOSTests */ = {
			isa = PBXNativeTarget;
			buildConfigurationList = B69B9D7A2A6D045900AA2DE9 /* Build configuration list for PBXNativeTarget "InSeoulHotPlace-iOSTests" */;
			buildPhases = (
				B69B9D5F2A6D045900AA2DE9 /* Sources */,
				B69B9D602A6D045900AA2DE9 /* Frameworks */,
				B69B9D612A6D045900AA2DE9 /* Resources */,
			);
			buildRules = (
			);
			dependencies = (
				B69B9D652A6D045900AA2DE9 /* PBXTargetDependency */,
			);
			name = "InSeoulHotPlace-iOSTests";
			productName = "InSeoulHotPlace-iOSTests";
			productReference = B69B9D632A6D045900AA2DE9 /* InSeoulHotPlace-iOSTests.xctest */;
			productType = "com.apple.product-type.bundle.unit-test";
		};
		B69B9D6C2A6D045900AA2DE9 /* InSeoulHotPlace-iOSUITests */ = {
			isa = PBXNativeTarget;
			buildConfigurationList = B69B9D7D2A6D045900AA2DE9 /* Build configuration list for PBXNativeTarget "InSeoulHotPlace-iOSUITests" */;
			buildPhases = (
				B69B9D692A6D045900AA2DE9 /* Sources */,
				B69B9D6A2A6D045900AA2DE9 /* Frameworks */,
				B69B9D6B2A6D045900AA2DE9 /* Resources */,
			);
			buildRules = (
			);
			dependencies = (
				B69B9D6F2A6D045900AA2DE9 /* PBXTargetDependency */,
			);
			name = "InSeoulHotPlace-iOSUITests";
			productName = "InSeoulHotPlace-iOSUITests";
			productReference = B69B9D6D2A6D045900AA2DE9 /* InSeoulHotPlace-iOSUITests.xctest */;
			productType = "com.apple.product-type.bundle.ui-testing";
		};
/* End PBXNativeTarget section */

/* Begin PBXProject section */
		B69B9D452A6D045800AA2DE9 /* Project object */ = {
			isa = PBXProject;
			attributes = {
				BuildIndependentTargetsInParallel = 1;
				LastSwiftUpdateCheck = 1430;
				LastUpgradeCheck = 1430;
				TargetAttributes = {
					B69B9D4C2A6D045800AA2DE9 = {
						CreatedOnToolsVersion = 14.3;
					};
					B69B9D622A6D045900AA2DE9 = {
						CreatedOnToolsVersion = 14.3;
						TestTargetID = B69B9D4C2A6D045800AA2DE9;
					};
					B69B9D6C2A6D045900AA2DE9 = {
						CreatedOnToolsVersion = 14.3;
						TestTargetID = B69B9D4C2A6D045800AA2DE9;
					};
				};
			};
			buildConfigurationList = B69B9D482A6D045800AA2DE9 /* Build configuration list for PBXProject "InSeoulHotPlace-iOS" */;
			compatibilityVersion = "Xcode 14.0";
			developmentRegion = en;
			hasScannedForEncodings = 0;
			knownRegions = (
				en,
				Base,
			);
			mainGroup = B69B9D442A6D045800AA2DE9;
			packageReferences = (
				B69B9D952A6D07A300AA2DE9 /* XCRemoteSwiftPackageReference "Then" */,
				B69B9D982A6D07FE00AA2DE9 /* XCRemoteSwiftPackageReference "Moya" */,
				B6A01A9A2A6FC92600CBE695 /* XCRemoteSwiftPackageReference "RxSwift" */,
				B6A01AA12A6FC94800CBE695 /* XCRemoteSwiftPackageReference "SnapKit" */,
			);
			productRefGroup = B69B9D4E2A6D045800AA2DE9 /* Products */;
			projectDirPath = "";
			projectRoot = "";
			targets = (
				B69B9D4C2A6D045800AA2DE9 /* InSeoulHotPlace-iOS */,
				B69B9D622A6D045900AA2DE9 /* InSeoulHotPlace-iOSTests */,
				B69B9D6C2A6D045900AA2DE9 /* InSeoulHotPlace-iOSUITests */,
			);
		};
/* End PBXProject section */

/* Begin PBXResourcesBuildPhase section */
		B69B9D4B2A6D045800AA2DE9 /* Resources */ = {
			isa = PBXResourcesBuildPhase;
			buildActionMask = 2147483647;
			files = (
				B69B9D5D2A6D045900AA2DE9 /* LaunchScreen.storyboard in Resources */,
				B69B9D5A2A6D045900AA2DE9 /* Assets.xcassets in Resources */,
			);
			runOnlyForDeploymentPostprocessing = 0;
		};
		B69B9D612A6D045900AA2DE9 /* Resources */ = {
			isa = PBXResourcesBuildPhase;
			buildActionMask = 2147483647;
			files = (
			);
			runOnlyForDeploymentPostprocessing = 0;
		};
		B69B9D6B2A6D045900AA2DE9 /* Resources */ = {
			isa = PBXResourcesBuildPhase;
			buildActionMask = 2147483647;
			files = (
			);
			runOnlyForDeploymentPostprocessing = 0;
		};
/* End PBXResourcesBuildPhase section */

/* Begin PBXSourcesBuildPhase section */
		B69B9D492A6D045800AA2DE9 /* Sources */ = {
			isa = PBXSourcesBuildPhase;
			buildActionMask = 2147483647;
			files = (
				B69B9D512A6D045800AA2DE9 /* AppDelegate.swift in Sources */,
				B69B9DA42A6D088800AA2DE9 /* BaseViewController.swift in Sources */,
				B69B9D532A6D045800AA2DE9 /* SceneDelegate.swift in Sources */,
				B69B9DA12A6D082B00AA2DE9 /* HomeViewController.swift in Sources */,
			);
			runOnlyForDeploymentPostprocessing = 0;
		};
		B69B9D5F2A6D045900AA2DE9 /* Sources */ = {
			isa = PBXSourcesBuildPhase;
			buildActionMask = 2147483647;
			files = (
				B69B9D682A6D045900AA2DE9 /* InSeoulHotPlace_iOSTests.swift in Sources */,
			);
			runOnlyForDeploymentPostprocessing = 0;
		};
		B69B9D692A6D045900AA2DE9 /* Sources */ = {
			isa = PBXSourcesBuildPhase;
			buildActionMask = 2147483647;
			files = (
				B69B9D742A6D045900AA2DE9 /* InSeoulHotPlace_iOSUITestsLaunchTests.swift in Sources */,
				B69B9D722A6D045900AA2DE9 /* InSeoulHotPlace_iOSUITests.swift in Sources */,
			);
			runOnlyForDeploymentPostprocessing = 0;
		};
/* End PBXSourcesBuildPhase section */

/* Begin PBXTargetDependency section */
		B69B9D652A6D045900AA2DE9 /* PBXTargetDependency */ = {
			isa = PBXTargetDependency;
			target = B69B9D4C2A6D045800AA2DE9 /* InSeoulHotPlace-iOS */;
			targetProxy = B69B9D642A6D045900AA2DE9 /* PBXContainerItemProxy */;
		};
		B69B9D6F2A6D045900AA2DE9 /* PBXTargetDependency */ = {
			isa = PBXTargetDependency;
			target = B69B9D4C2A6D045800AA2DE9 /* InSeoulHotPlace-iOS */;
			targetProxy = B69B9D6E2A6D045900AA2DE9 /* PBXContainerItemProxy */;
		};
/* End PBXTargetDependency section */

/* Begin PBXVariantGroup section */
		B69B9D5B2A6D045900AA2DE9 /* LaunchScreen.storyboard */ = {
			isa = PBXVariantGroup;
			children = (
				B69B9D5C2A6D045900AA2DE9 /* Base */,
			);
			name = LaunchScreen.storyboard;
			sourceTree = "<group>";
		};
/* End PBXVariantGroup section */

/* Begin XCBuildConfiguration section */
		B69B9D752A6D045900AA2DE9 /* Debug */ = {
			isa = XCBuildConfiguration;
			buildSettings = {
				ALWAYS_SEARCH_USER_PATHS = NO;
				CLANG_ANALYZER_NONNULL = YES;
				CLANG_ANALYZER_NUMBER_OBJECT_CONVERSION = YES_AGGRESSIVE;
				CLANG_CXX_LANGUAGE_STANDARD = "gnu++20";
				CLANG_ENABLE_MODULES = YES;
				CLANG_ENABLE_OBJC_ARC = YES;
				CLANG_ENABLE_OBJC_WEAK = YES;
				CLANG_WARN_BLOCK_CAPTURE_AUTORELEASING = YES;
				CLANG_WARN_BOOL_CONVERSION = YES;
				CLANG_WARN_COMMA = YES;
				CLANG_WARN_CONSTANT_CONVERSION = YES;
				CLANG_WARN_DEPRECATED_OBJC_IMPLEMENTATIONS = YES;
				CLANG_WARN_DIRECT_OBJC_ISA_USAGE = YES_ERROR;
				CLANG_WARN_DOCUMENTATION_COMMENTS = YES;
				CLANG_WARN_EMPTY_BODY = YES;
				CLANG_WARN_ENUM_CONVERSION = YES;
				CLANG_WARN_INFINITE_RECURSION = YES;
				CLANG_WARN_INT_CONVERSION = YES;
				CLANG_WARN_NON_LITERAL_NULL_CONVERSION = YES;
				CLANG_WARN_OBJC_IMPLICIT_RETAIN_SELF = YES;
				CLANG_WARN_OBJC_LITERAL_CONVERSION = YES;
				CLANG_WARN_OBJC_ROOT_CLASS = YES_ERROR;
				CLANG_WARN_QUOTED_INCLUDE_IN_FRAMEWORK_HEADER = YES;
				CLANG_WARN_RANGE_LOOP_ANALYSIS = YES;
				CLANG_WARN_STRICT_PROTOTYPES = YES;
				CLANG_WARN_SUSPICIOUS_MOVE = YES;
				CLANG_WARN_UNGUARDED_AVAILABILITY = YES_AGGRESSIVE;
				CLANG_WARN_UNREACHABLE_CODE = YES;
				CLANG_WARN__DUPLICATE_METHOD_MATCH = YES;
				COPY_PHASE_STRIP = NO;
				DEBUG_INFORMATION_FORMAT = dwarf;
				ENABLE_STRICT_OBJC_MSGSEND = YES;
				ENABLE_TESTABILITY = YES;
				GCC_C_LANGUAGE_STANDARD = gnu11;
				GCC_DYNAMIC_NO_PIC = NO;
				GCC_NO_COMMON_BLOCKS = YES;
				GCC_OPTIMIZATION_LEVEL = 0;
				GCC_PREPROCESSOR_DEFINITIONS = (
					"DEBUG=1",
					"$(inherited)",
				);
				GCC_WARN_64_TO_32_BIT_CONVERSION = YES;
				GCC_WARN_ABOUT_RETURN_TYPE = YES_ERROR;
				GCC_WARN_UNDECLARED_SELECTOR = YES;
				GCC_WARN_UNINITIALIZED_AUTOS = YES_AGGRESSIVE;
				GCC_WARN_UNUSED_FUNCTION = YES;
				GCC_WARN_UNUSED_VARIABLE = YES;
				IPHONEOS_DEPLOYMENT_TARGET = 16.4;
				MTL_ENABLE_DEBUG_INFO = INCLUDE_SOURCE;
				MTL_FAST_MATH = YES;
				ONLY_ACTIVE_ARCH = YES;
				SDKROOT = iphoneos;
				SWIFT_ACTIVE_COMPILATION_CONDITIONS = DEBUG;
				SWIFT_OPTIMIZATION_LEVEL = "-Onone";
			};
			name = Debug;
		};
		B69B9D762A6D045900AA2DE9 /* Release */ = {
			isa = XCBuildConfiguration;
			buildSettings = {
				ALWAYS_SEARCH_USER_PATHS = NO;
				CLANG_ANALYZER_NONNULL = YES;
				CLANG_ANALYZER_NUMBER_OBJECT_CONVERSION = YES_AGGRESSIVE;
				CLANG_CXX_LANGUAGE_STANDARD = "gnu++20";
				CLANG_ENABLE_MODULES = YES;
				CLANG_ENABLE_OBJC_ARC = YES;
				CLANG_ENABLE_OBJC_WEAK = YES;
				CLANG_WARN_BLOCK_CAPTURE_AUTORELEASING = YES;
				CLANG_WARN_BOOL_CONVERSION = YES;
				CLANG_WARN_COMMA = YES;
				CLANG_WARN_CONSTANT_CONVERSION = YES;
				CLANG_WARN_DEPRECATED_OBJC_IMPLEMENTATIONS = YES;
				CLANG_WARN_DIRECT_OBJC_ISA_USAGE = YES_ERROR;
				CLANG_WARN_DOCUMENTATION_COMMENTS = YES;
				CLANG_WARN_EMPTY_BODY = YES;
				CLANG_WARN_ENUM_CONVERSION = YES;
				CLANG_WARN_INFINITE_RECURSION = YES;
				CLANG_WARN_INT_CONVERSION = YES;
				CLANG_WARN_NON_LITERAL_NULL_CONVERSION = YES;
				CLANG_WARN_OBJC_IMPLICIT_RETAIN_SELF = YES;
				CLANG_WARN_OBJC_LITERAL_CONVERSION = YES;
				CLANG_WARN_OBJC_ROOT_CLASS = YES_ERROR;
				CLANG_WARN_QUOTED_INCLUDE_IN_FRAMEWORK_HEADER = YES;
				CLANG_WARN_RANGE_LOOP_ANALYSIS = YES;
				CLANG_WARN_STRICT_PROTOTYPES = YES;
				CLANG_WARN_SUSPICIOUS_MOVE = YES;
				CLANG_WARN_UNGUARDED_AVAILABILITY = YES_AGGRESSIVE;
				CLANG_WARN_UNREACHABLE_CODE = YES;
				CLANG_WARN__DUPLICATE_METHOD_MATCH = YES;
				COPY_PHASE_STRIP = NO;
				DEBUG_INFORMATION_FORMAT = "dwarf-with-dsym";
				ENABLE_NS_ASSERTIONS = NO;
				ENABLE_STRICT_OBJC_MSGSEND = YES;
				GCC_C_LANGUAGE_STANDARD = gnu11;
				GCC_NO_COMMON_BLOCKS = YES;
				GCC_WARN_64_TO_32_BIT_CONVERSION = YES;
				GCC_WARN_ABOUT_RETURN_TYPE = YES_ERROR;
				GCC_WARN_UNDECLARED_SELECTOR = YES;
				GCC_WARN_UNINITIALIZED_AUTOS = YES_AGGRESSIVE;
				GCC_WARN_UNUSED_FUNCTION = YES;
				GCC_WARN_UNUSED_VARIABLE = YES;
				IPHONEOS_DEPLOYMENT_TARGET = 16.4;
				MTL_ENABLE_DEBUG_INFO = NO;
				MTL_FAST_MATH = YES;
				SDKROOT = iphoneos;
				SWIFT_COMPILATION_MODE = wholemodule;
				SWIFT_OPTIMIZATION_LEVEL = "-O";
				VALIDATE_PRODUCT = YES;
			};
			name = Release;
		};
		B69B9D782A6D045900AA2DE9 /* Debug */ = {
			isa = XCBuildConfiguration;
			buildSettings = {
				ASSETCATALOG_COMPILER_APPICON_NAME = AppIcon;
				ASSETCATALOG_COMPILER_GLOBAL_ACCENT_COLOR_NAME = AccentColor;
				CODE_SIGN_STYLE = Automatic;
				CURRENT_PROJECT_VERSION = 1;
				DEVELOPMENT_TEAM = XK2FZR7MVH;
				GENERATE_INFOPLIST_FILE = YES;
				INFOPLIST_FILE = "InSeoulHotPlace-iOS/Resources/Info.plist";
				INFOPLIST_KEY_UIApplicationSupportsIndirectInputEvents = YES;
				INFOPLIST_KEY_UILaunchStoryboardName = LaunchScreen;
				INFOPLIST_KEY_UISupportedInterfaceOrientations_iPad = "UIInterfaceOrientationPortrait UIInterfaceOrientationPortraitUpsideDown UIInterfaceOrientationLandscapeLeft UIInterfaceOrientationLandscapeRight";
				INFOPLIST_KEY_UISupportedInterfaceOrientations_iPhone = "UIInterfaceOrientationPortrait UIInterfaceOrientationLandscapeLeft UIInterfaceOrientationLandscapeRight";
				IPHONEOS_DEPLOYMENT_TARGET = 16.0;
				LD_RUNPATH_SEARCH_PATHS = (
					"$(inherited)",
					"@executable_path/Frameworks",
				);
				MARKETING_VERSION = 1.0;
				PRODUCT_BUNDLE_IDENTIFIER = "js.InSeoulHotPlace-iOS";
				PRODUCT_NAME = "$(TARGET_NAME)";
				SWIFT_EMIT_LOC_STRINGS = YES;
				SWIFT_VERSION = 5.0;
				TARGETED_DEVICE_FAMILY = "1,2";
			};
			name = Debug;
		};
		B69B9D792A6D045900AA2DE9 /* Release */ = {
			isa = XCBuildConfiguration;
			buildSettings = {
				ASSETCATALOG_COMPILER_APPICON_NAME = AppIcon;
				ASSETCATALOG_COMPILER_GLOBAL_ACCENT_COLOR_NAME = AccentColor;
				CODE_SIGN_STYLE = Automatic;
				CURRENT_PROJECT_VERSION = 1;
				DEVELOPMENT_TEAM = XK2FZR7MVH;
				GENERATE_INFOPLIST_FILE = YES;
				INFOPLIST_FILE = "InSeoulHotPlace-iOS/Resources/Info.plist";
				INFOPLIST_KEY_UIApplicationSupportsIndirectInputEvents = YES;
				INFOPLIST_KEY_UILaunchStoryboardName = LaunchScreen;
				INFOPLIST_KEY_UISupportedInterfaceOrientations_iPad = "UIInterfaceOrientationPortrait UIInterfaceOrientationPortraitUpsideDown UIInterfaceOrientationLandscapeLeft UIInterfaceOrientationLandscapeRight";
				INFOPLIST_KEY_UISupportedInterfaceOrientations_iPhone = "UIInterfaceOrientationPortrait UIInterfaceOrientationLandscapeLeft UIInterfaceOrientationLandscapeRight";
				IPHONEOS_DEPLOYMENT_TARGET = 16.0;
				LD_RUNPATH_SEARCH_PATHS = (
					"$(inherited)",
					"@executable_path/Frameworks",
				);
				MARKETING_VERSION = 1.0;
				PRODUCT_BUNDLE_IDENTIFIER = "js.InSeoulHotPlace-iOS";
				PRODUCT_NAME = "$(TARGET_NAME)";
				SWIFT_EMIT_LOC_STRINGS = YES;
				SWIFT_VERSION = 5.0;
				TARGETED_DEVICE_FAMILY = "1,2";
			};
			name = Release;
		};
		B69B9D7B2A6D045900AA2DE9 /* Debug */ = {
			isa = XCBuildConfiguration;
			buildSettings = {
				ALWAYS_EMBED_SWIFT_STANDARD_LIBRARIES = YES;
				BUNDLE_LOADER = "$(TEST_HOST)";
				CODE_SIGN_STYLE = Automatic;
				CURRENT_PROJECT_VERSION = 1;
				DEVELOPMENT_TEAM = XK2FZR7MVH;
				GENERATE_INFOPLIST_FILE = YES;
				IPHONEOS_DEPLOYMENT_TARGET = 16.4;
				MARKETING_VERSION = 1.0;
				PRODUCT_BUNDLE_IDENTIFIER = "js.InSeoulHotPlace-iOSTests";
				PRODUCT_NAME = "$(TARGET_NAME)";
				SWIFT_EMIT_LOC_STRINGS = NO;
				SWIFT_VERSION = 5.0;
				TARGETED_DEVICE_FAMILY = "1,2";
				TEST_HOST = "$(BUILT_PRODUCTS_DIR)/InSeoulHotPlace-iOS.app/$(BUNDLE_EXECUTABLE_FOLDER_PATH)/InSeoulHotPlace-iOS";
			};
			name = Debug;
		};
		B69B9D7C2A6D045900AA2DE9 /* Release */ = {
			isa = XCBuildConfiguration;
			buildSettings = {
				ALWAYS_EMBED_SWIFT_STANDARD_LIBRARIES = YES;
				BUNDLE_LOADER = "$(TEST_HOST)";
				CODE_SIGN_STYLE = Automatic;
				CURRENT_PROJECT_VERSION = 1;
				DEVELOPMENT_TEAM = XK2FZR7MVH;
				GENERATE_INFOPLIST_FILE = YES;
				IPHONEOS_DEPLOYMENT_TARGET = 16.4;
				MARKETING_VERSION = 1.0;
				PRODUCT_BUNDLE_IDENTIFIER = "js.InSeoulHotPlace-iOSTests";
				PRODUCT_NAME = "$(TARGET_NAME)";
				SWIFT_EMIT_LOC_STRINGS = NO;
				SWIFT_VERSION = 5.0;
				TARGETED_DEVICE_FAMILY = "1,2";
				TEST_HOST = "$(BUILT_PRODUCTS_DIR)/InSeoulHotPlace-iOS.app/$(BUNDLE_EXECUTABLE_FOLDER_PATH)/InSeoulHotPlace-iOS";
			};
			name = Release;
		};
		B69B9D7E2A6D045900AA2DE9 /* Debug */ = {
			isa = XCBuildConfiguration;
			buildSettings = {
				ALWAYS_EMBED_SWIFT_STANDARD_LIBRARIES = YES;
				CODE_SIGN_STYLE = Automatic;
				CURRENT_PROJECT_VERSION = 1;
				DEVELOPMENT_TEAM = XK2FZR7MVH;
				GENERATE_INFOPLIST_FILE = YES;
				MARKETING_VERSION = 1.0;
				PRODUCT_BUNDLE_IDENTIFIER = "js.InSeoulHotPlace-iOSUITests";
				PRODUCT_NAME = "$(TARGET_NAME)";
				SWIFT_EMIT_LOC_STRINGS = NO;
				SWIFT_VERSION = 5.0;
				TARGETED_DEVICE_FAMILY = "1,2";
				TEST_TARGET_NAME = "InSeoulHotPlace-iOS";
			};
			name = Debug;
		};
		B69B9D7F2A6D045900AA2DE9 /* Release */ = {
			isa = XCBuildConfiguration;
			buildSettings = {
				ALWAYS_EMBED_SWIFT_STANDARD_LIBRARIES = YES;
				CODE_SIGN_STYLE = Automatic;
				CURRENT_PROJECT_VERSION = 1;
				DEVELOPMENT_TEAM = XK2FZR7MVH;
				GENERATE_INFOPLIST_FILE = YES;
				MARKETING_VERSION = 1.0;
				PRODUCT_BUNDLE_IDENTIFIER = "js.InSeoulHotPlace-iOSUITests";
				PRODUCT_NAME = "$(TARGET_NAME)";
				SWIFT_EMIT_LOC_STRINGS = NO;
				SWIFT_VERSION = 5.0;
				TARGETED_DEVICE_FAMILY = "1,2";
				TEST_TARGET_NAME = "InSeoulHotPlace-iOS";
			};
			name = Release;
		};
/* End XCBuildConfiguration section */

/* Begin XCConfigurationList section */
		B69B9D482A6D045800AA2DE9 /* Build configuration list for PBXProject "InSeoulHotPlace-iOS" */ = {
			isa = XCConfigurationList;
			buildConfigurations = (
				B69B9D752A6D045900AA2DE9 /* Debug */,
				B69B9D762A6D045900AA2DE9 /* Release */,
			);
			defaultConfigurationIsVisible = 0;
			defaultConfigurationName = Release;
		};
		B69B9D772A6D045900AA2DE9 /* Build configuration list for PBXNativeTarget "InSeoulHotPlace-iOS" */ = {
			isa = XCConfigurationList;
			buildConfigurations = (
				B69B9D782A6D045900AA2DE9 /* Debug */,
				B69B9D792A6D045900AA2DE9 /* Release */,
			);
			defaultConfigurationIsVisible = 0;
			defaultConfigurationName = Release;
		};
		B69B9D7A2A6D045900AA2DE9 /* Build configuration list for PBXNativeTarget "InSeoulHotPlace-iOSTests" */ = {
			isa = XCConfigurationList;
			buildConfigurations = (
				B69B9D7B2A6D045900AA2DE9 /* Debug */,
				B69B9D7C2A6D045900AA2DE9 /* Release */,
			);
			defaultConfigurationIsVisible = 0;
			defaultConfigurationName = Release;
		};
		B69B9D7D2A6D045900AA2DE9 /* Build configuration list for PBXNativeTarget "InSeoulHotPlace-iOSUITests" */ = {
			isa = XCConfigurationList;
			buildConfigurations = (
				B69B9D7E2A6D045900AA2DE9 /* Debug */,
				B69B9D7F2A6D045900AA2DE9 /* Release */,
			);
			defaultConfigurationIsVisible = 0;
			defaultConfigurationName = Release;
		};
/* End XCConfigurationList section */

/* Begin XCRemoteSwiftPackageReference section */
		B69B9D952A6D07A300AA2DE9 /* XCRemoteSwiftPackageReference "Then" */ = {
			isa = XCRemoteSwiftPackageReference;
			repositoryURL = "https://github.com/devxoul/Then";
			requirement = {
				kind = upToNextMajorVersion;
				minimumVersion = 3.0.0;
			};
		};
		B69B9D982A6D07FE00AA2DE9 /* XCRemoteSwiftPackageReference "Moya" */ = {
			isa = XCRemoteSwiftPackageReference;
			repositoryURL = "https://github.com/Moya/Moya";
			requirement = {
				kind = upToNextMajorVersion;
				minimumVersion = 15.0.0;
			};
		};
		B6A01A9A2A6FC92600CBE695 /* XCRemoteSwiftPackageReference "RxSwift" */ = {
			isa = XCRemoteSwiftPackageReference;
			repositoryURL = "https://github.com/ReactiveX/RxSwift";
			requirement = {
				kind = upToNextMajorVersion;
				minimumVersion = 6.0.0;
			};
		};
		B6A01AA12A6FC94800CBE695 /* XCRemoteSwiftPackageReference "SnapKit" */ = {
			isa = XCRemoteSwiftPackageReference;
			repositoryURL = "https://github.com/SnapKit/SnapKit";
			requirement = {
				kind = upToNextMajorVersion;
				minimumVersion = 5.0.0;
			};
		};
/* End XCRemoteSwiftPackageReference section */

/* Begin XCSwiftPackageProductDependency section */
		B69B9D962A6D07A300AA2DE9 /* Then */ = {
			isa = XCSwiftPackageProductDependency;
			package = B69B9D952A6D07A300AA2DE9 /* XCRemoteSwiftPackageReference "Then" */;
			productName = Then;
		};
		B69B9D992A6D07FE00AA2DE9 /* Moya */ = {
			isa = XCSwiftPackageProductDependency;
			package = B69B9D982A6D07FE00AA2DE9 /* XCRemoteSwiftPackageReference "Moya" */;
			productName = Moya;
		};
		B69B9D9B2A6D07FF00AA2DE9 /* ReactiveMoya */ = {
			isa = XCSwiftPackageProductDependency;
			package = B69B9D982A6D07FE00AA2DE9 /* XCRemoteSwiftPackageReference "Moya" */;
			productName = ReactiveMoya;
		};
		B69B9D9D2A6D07FF00AA2DE9 /* RxMoya */ = {
			isa = XCSwiftPackageProductDependency;
			package = B69B9D982A6D07FE00AA2DE9 /* XCRemoteSwiftPackageReference "Moya" */;
			productName = RxMoya;
		};
		B6A01A9B2A6FC92600CBE695 /* RxCocoa */ = {
			isa = XCSwiftPackageProductDependency;
			package = B6A01A9A2A6FC92600CBE695 /* XCRemoteSwiftPackageReference "RxSwift" */;
			productName = RxCocoa;
		};
		B6A01A9D2A6FC92600CBE695 /* RxRelay */ = {
			isa = XCSwiftPackageProductDependency;
			package = B6A01A9A2A6FC92600CBE695 /* XCRemoteSwiftPackageReference "RxSwift" */;
			productName = RxRelay;
		};
		B6A01A9F2A6FC92600CBE695 /* RxSwift */ = {
			isa = XCSwiftPackageProductDependency;
			package = B6A01A9A2A6FC92600CBE695 /* XCRemoteSwiftPackageReference "RxSwift" */;
			productName = RxSwift;
		};
		B6A01AA22A6FC94800CBE695 /* SnapKit */ = {
			isa = XCSwiftPackageProductDependency;
			package = B6A01AA12A6FC94800CBE695 /* XCRemoteSwiftPackageReference "SnapKit" */;
			productName = SnapKit;
		};
/* End XCSwiftPackageProductDependency section */
	};
	rootObject = B69B9D452A6D045800AA2DE9 /* Project object */;
}
